
Microsoft Visual Studio Solution File, Format Version 12.00
Project("{FAE04EC0-301F-11D3-BF4B-00C04F79EFBC}") = "WpfApp1", "WpfApp1\WpfApp1.csproj", "{F4E16C2B-1DCB-446F-B79B-CC32F94A8457}"
EndProject
Global
	GlobalSection(SolutionConfigurationPlatforms) = preSolution
		Debug|Any CPU = Debug|Any CPU
		Release|Any CPU = Release|Any CPU
	EndGlobalSection
	GlobalSection(ProjectConfigurationPlatforms) = postSolution
		{F4E16C2B-1DCB-446F-B79B-CC32F94A8457}.Debug|Any CPU.ActiveCfg = Debug|Any CPU
		{F4E16C2B-1DCB-446F-B79B-CC32F94A8457}.Debug|Any CPU.Build.0 = Debug|Any CPU
		{F4E16C2B-1DCB-446F-B79B-CC32F94A8457}.Release|Any CPU.ActiveCfg = Release|Any CPU
		{F4E16C2B-1DCB-446F-B79B-CC32F94A8457}.Release|Any CPU.Build.0 = Release|Any CPU
	EndGlobalSection
EndGlobal
